// !$*UTF8*$!
{
	archiveVersion = 1;
	classes = {
	};
	objectVersion = 56;
	objects = {

/* Begin PBXBuildFile section */
		1149217B71A94D09A926B3AE /* ImmersiveView.swift in Sources */ = {isa = PBXBuildFile; fileRef = B013E1AABA814BC5AADF6227 /* ImmersiveView.swift */; };
		24842030DCFA480AB61592FC /* TaskManager.swift in Sources */ = {isa = PBXBuildFile; fileRef = 1756253FC9AF400B804EC260 /* TaskManager.swift */; };
		5056483FE8EE49B9A13C3951 /* HandSceneController.swift in Sources */ = {isa = PBXBuildFile; fileRef = 51BC6C2FEB4F4086BF84E656 /* HandSceneController.swift */; };
		52C616D2A2A1480B83F16283 /* MirrorTransform.swift in Sources */ = {isa = PBXBuildFile; fileRef = 1A6F8CFE04E441D598572C43 /* MirrorTransform.swift */; };
		5633D2AC90AE465AA4E0A101 /* TrainingHUD.swift in Sources */ = {isa = PBXBuildFile; fileRef = EEF04CE05FAB4BBD8238D429 /* TrainingHUD.swift */; };
		58792150E0284E5A8777AC31 /* SessionReport.swift in Sources */ = {isa = PBXBuildFile; fileRef = B7B4571E18CA41E69A97F514 /* SessionReport.swift */; };
		7B8A627A65624B8CAD28BFA5 /* OnboardingView.swift in Sources */ = {isa = PBXBuildFile; fileRef = 6A70F368DEDC49D682BDD44B /* OnboardingView.swift */; };
		8E563726383A4C14BC72B4A3 /* VirtualHandVisualizer.swift in Sources */ = {isa = PBXBuildFile; fileRef = 2AF3EAAFD83E4237AA22EA9D /* VirtualHandVisualizer.swift */; };
		991AEC39DD0347489D71750A /* ReportView.swift in Sources */ = {isa = PBXBuildFile; fileRef = BB76F33BE6184395B6EEFA4D /* ReportView.swift */; };
		A32D5A427FAC42CD97F142E3 /* CalibrationPanel.swift in Sources */ = {isa = PBXBuildFile; fileRef = 22379AD3D5EC45DFBCD082A4 /* CalibrationPanel.swift */; };
		B1B2C3D4E5F6478890ABCDEF /* ARKitHandModel.swift in Sources */ = {isa = PBXBuildFile; fileRef = A1B2C3D4E5F6478890ABCDEF /* ARKitHandModel.swift */; };
		B80F806F55E941C4A8452822 /* AppState.swift in Sources */ = {isa = PBXBuildFile; fileRef = A3504900B7D84EF1ACDD0355 /* AppState.swift */; };
		C4D5E6F708194A2BB3C4D5E6 /* JointDebugPanel.swift in Sources */ = {isa = PBXBuildFile; fileRef = C4D5E6F708194A2BB3C4D5E7 /* JointDebugPanel.swift */; };
		CAD6833123D14A168F926422 /* HandTrackingManager.swift in Sources */ = {isa = PBXBuildFile; fileRef = C8CFAE9E6DDF4A2AA9274C74 /* HandTrackingManager.swift */; };
		D1B2C3D4E5F6478890ABCDEF /* RightHand_ARKit27.usdz in Resources */ = {isa = PBXBuildFile; fileRef = C1B2C3D4E5F6478890ABCDEF /* RightHand_ARKit27.usdz */; };
		D5E6F7081920A94BCDEF01234 /* JointMarkerOverlay.swift in Sources */ = {isa = PBXBuildFile; fileRef = D5E6F7081920A94BCDEF01235 /* JointMarkerOverlay.swift */; };
		E9AECD959E72412BBE850BB8 /* PhantomMirrorApp.swift in Sources */ = {isa = PBXBuildFile; fileRef = A4EB5C3BBF36473495937FAD /* PhantomMirrorApp.swift */; };
		F2A2B3C4D5E6478890ABCDEF /* HandArm_Right.usdz in Resources */ = {isa = PBXBuildFile; fileRef = F1A2B3C4D5E6478890ABCDEF /* HandArm_Right.usdz */; };
		F5430A9EEF784AC5AC5148F5 /* CalibrationData.swift in Sources */ = {isa = PBXBuildFile; fileRef = 2E58945771FB4AEB8BAC593E /* CalibrationData.swift */; };
		FF3E1B483026FE1A008878FE /* hand.usdc in Resources */ = {isa = PBXBuildFile; fileRef = FF3E1B473026FE1A008878FE /* hand.usdc */; };
/* End PBXBuildFile section */

/* Begin PBXFileReference section */
		1756253FC9AF400B804EC260 /* TaskManager.swift */ = {isa = PBXFileReference; lastKnownFileType = sourcecode.swift; path = TaskManager.swift; sourceTree = "<group>"; };
		1A6F8CFE04E441D598572C43 /* MirrorTransform.swift */ = {isa = PBXFileReference; lastKnownFileType = sourcecode.swift; path = MirrorTransform.swift; sourceTree = "<group>"; };
		22379AD3D5EC45DFBCD082A4 /* CalibrationPanel.swift */ = {isa = PBXFileReference; lastKnownFileType = sourcecode.swift; path = CalibrationPanel.swift; sourceTree = "<group>"; };
		2AF3EAAFD83E4237AA22EA9D /* VirtualHandVisualizer.swift */ = {isa = PBXFileReference; lastKnownFileType = sourcecode.swift; path = VirtualHandVisualizer.swift; sourceTree = "<group>"; };
		2E58945771FB4AEB8BAC593E /* CalibrationData.swift */ = {isa = PBXFileReference; lastKnownFileType = sourcecode.swift; path = CalibrationData.swift; sourceTree = "<group>"; };
		3B4F5CA6C2814994BB0DB3BF /* PhantomMirror.app */ = {isa = PBXFileReference; explicitFileType = wrapper.application; includeInIndex = 0; path = PhantomMirror.app; sourceTree = BUILT_PRODUCTS_DIR; };
		3F95D5435A3D46B8B7DABCE1 /* PhantomMirror.entitlements */ = {isa = PBXFileReference; lastKnownFileType = text.plist.entitlements; path = PhantomMirror.entitlements; sourceTree = "<group>"; };
		51BC6C2FEB4F4086BF84E656 /* HandSceneController.swift */ = {isa = PBXFileReference; lastKnownFileType = sourcecode.swift; path = HandSceneController.swift; sourceTree = "<group>"; };
		6A70F368DEDC49D682BDD44B /* OnboardingView.swift */ = {isa = PBXFileReference; lastKnownFileType = sourcecode.swift; path = OnboardingView.swift; sourceTree = "<group>"; };
		A1B2C3D4E5F6478890ABCDEF /* ARKitHandModel.swift */ = {isa = PBXFileReference; lastKnownFileType = sourcecode.swift; path = ARKitHandModel.swift; sourceTree = "<group>"; };
		A3504900B7D84EF1ACDD0355 /* AppState.swift */ = {isa = PBXFileReference; lastKnownFileType = sourcecode.swift; path = AppState.swift; sourceTree = "<group>"; };
		A4EB5C3BBF36473495937FAD /* PhantomMirrorApp.swift */ = {isa = PBXFileReference; lastKnownFileType = sourcecode.swift; path = PhantomMirrorApp.swift; sourceTree = "<group>"; };
		B013E1AABA814BC5AADF6227 /* ImmersiveView.swift */ = {isa = PBXFileReference; lastKnownFileType = sourcecode.swift; path = ImmersiveView.swift; sourceTree = "<group>"; };
		B7B4571E18CA41E69A97F514 /* SessionReport.swift */ = {isa = PBXFileReference; lastKnownFileType = sourcecode.swift; path = SessionReport.swift; sourceTree = "<group>"; };
		BB76F33BE6184395B6EEFA4D /* ReportView.swift */ = {isa = PBXFileReference; lastKnownFileType = sourcecode.swift; path = ReportView.swift; sourceTree = "<group>"; };
		C1B2C3D4E5F6478890ABCDEF /* RightHand_ARKit27.usdz */ = {isa = PBXFileReference; lastKnownFileType = file.usdz; path = RightHand_ARKit27.usdz; sourceTree = "<group>"; };
		C4D5E6F708194A2BB3C4D5E7 /* JointDebugPanel.swift */ = {isa = PBXFileReference; lastKnownFileType = sourcecode.swift; path = JointDebugPanel.swift; sourceTree = "<group>"; };
		C8CFAE9E6DDF4A2AA9274C74 /* HandTrackingManager.swift */ = {isa = PBXFileReference; lastKnownFileType = sourcecode.swift; path = HandTrackingManager.swift; sourceTree = "<group>"; };
		D5E6F7081920A94BCDEF01235 /* JointMarkerOverlay.swift */ = {isa = PBXFileReference; lastKnownFileType = sourcecode.swift; path = JointMarkerOverlay.swift; sourceTree = "<group>"; };
		E7DA53F4DCF34A888638F708 /* Info.plist */ = {isa = PBXFileReference; lastKnownFileType = text.plist.xml; path = Info.plist; sourceTree = "<group>"; };
		EEF04CE05FAB4BBD8238D429 /* TrainingHUD.swift */ = {isa = PBXFileReference; lastKnownFileType = sourcecode.swift; path = TrainingHUD.swift; sourceTree = "<group>"; };
		F1A2B3C4D5E6478890ABCDEF /* HandArm_Right.usdz */ = {isa = PBXFileReference; lastKnownFileType = file.usdz; path = HandArm_Right.usdz; sourceTree = "<group>"; };
		FF3E1B473026FE1A008878FE /* hand.usdc */ = {isa = PBXFileReference; lastKnownFileType = file; path = hand.usdc; sourceTree = "<group>"; };
/* End PBXFileReference section */

/* Begin PBXFrameworksBuildPhase section */
		94A576677CFC47FBB75D7E65 /* Frameworks */ = {
			isa = PBXFrameworksBuildPhase;
			buildActionMask = 2147483647;
			files = (
			);
			runOnlyForDeploymentPostprocessing = 0;
		};
/* End PBXFrameworksBuildPhase section */

/* Begin PBXGroup section */
		01B5077B034C487FA8E68297 /* PhantomMirror */ = {
			isa = PBXGroup;
			children = (
				A4EB5C3BBF36473495937FAD /* PhantomMirrorApp.swift */,
				F3A871A724AC46C3AAEAAF16 /* Models */,
				57E8A930D4D341D9B172E9F8 /* Immersive */,
				661C40482A544E958ED06AD1 /* Views */,
				E1B2C3D4E5F6478890ABCDEF /* Resources */,
				E7DA53F4DCF34A888638F708 /* Info.plist */,
				3F95D5435A3D46B8B7DABCE1 /* PhantomMirror.entitlements */,
				FF3E1B473026FE1A008878FE /* hand.usdc */,
			);
			path = PhantomMirror;
			sourceTree = "<group>";
		};
		57E8A930D4D341D9B172E9F8 /* Immersive */ = {
			isa = PBXGroup;
			children = (
				A1B2C3D4E5F6478890ABCDEF /* ARKitHandModel.swift */,
				51BC6C2FEB4F4086BF84E656 /* HandSceneController.swift */,
				1A6F8CFE04E441D598572C43 /* MirrorTransform.swift */,
				C8CFAE9E6DDF4A2AA9274C74 /* HandTrackingManager.swift */,
				2AF3EAAFD83E4237AA22EA9D /* VirtualHandVisualizer.swift */,
				D5E6F7081920A94BCDEF01235 /* JointMarkerOverlay.swift */,
				1756253FC9AF400B804EC260 /* TaskManager.swift */,
			);
			path = Immersive;
			sourceTree = "<group>";
		};
		661C40482A544E958ED06AD1 /* Views */ = {
			isa = PBXGroup;
			children = (
				B013E1AABA814BC5AADF6227 /* ImmersiveView.swift */,
				6A70F368DEDC49D682BDD44B /* OnboardingView.swift */,
				22379AD3D5EC45DFBCD082A4 /* CalibrationPanel.swift */,
				C4D5E6F708194A2BB3C4D5E7 /* JointDebugPanel.swift */,
				EEF04CE05FAB4BBD8238D429 /* TrainingHUD.swift */,
				BB76F33BE6184395B6EEFA4D /* ReportView.swift */,
			);
			path = Views;
			sourceTree = "<group>";
		};
		C3858543130A420386F09DF1 = {
			isa = PBXGroup;
			children = (
				01B5077B034C487FA8E68297 /* PhantomMirror */,
				F1B82E9A91C54A2FAECCB8CC /* Products */,
			);
			sourceTree = "<group>";
		};
		E1B2C3D4E5F6478890ABCDEF /* Resources */ = {
			isa = PBXGroup;
			children = (
				F1A2B3C4D5E6478890ABCDEF /* HandArm_Right.usdz */,
				C1B2C3D4E5F6478890ABCDEF /* RightHand_ARKit27.usdz */,
			);
			path = Resources;
			sourceTree = "<group>";
		};
		F1B82E9A91C54A2FAECCB8CC /* Products */ = {
			isa = PBXGroup;
			children = (
				3B4F5CA6C2814994BB0DB3BF /* PhantomMirror.app */,
			);
			name = Products;
			sourceTree = "<group>";
		};
		F3A871A724AC46C3AAEAAF16 /* Models */ = {
			isa = PBXGroup;
			children = (
				A3504900B7D84EF1ACDD0355 /* AppState.swift */,
				2E58945771FB4AEB8BAC593E /* CalibrationData.swift */,
				B7B4571E18CA41E69A97F514 /* SessionReport.swift */,
			);
			path = Models;
			sourceTree = "<group>";
		};
/* End PBXGroup section */

/* Begin PBXNativeTarget section */
		53AD83400FEA486B92B22F1A /* PhantomMirror */ = {
			isa = PBXNativeTarget;
			buildConfigurationList = A6DEF213C146419FAF70AB15 /* Build configuration list for PBXNativeTarget "PhantomMirror" */;
			buildPhases = (
				DE1EA54C1E5B44CBA1A03E82 /* Sources */,
				94A576677CFC47FBB75D7E65 /* Frameworks */,
				E4D19C98937F4E3EBF58DD06 /* Resources */,
			);
			buildRules = (
			);
			dependencies = (
			);
			name = PhantomMirror;
			productName = PhantomMirror;
			productReference = 3B4F5CA6C2814994BB0DB3BF /* PhantomMirror.app */;
			productType = "com.apple.product-type.application";
		};
/* End PBXNativeTarget section */

/* Begin PBXProject section */
		9FC20360222F49DA84687DBE /* Project object */ = {
			isa = PBXProject;
			attributes = {
				BuildIndependentTargetsInParallel = 1;
				LastSwiftUpdateCheck = 1600;
				LastUpgradeCheck = 2700;
			};
			buildConfigurationList = 98575E59732C4ABAB611CF73 /* Build configuration list for PBXProject "PhantomMirror" */;
			compatibilityVersion = "Xcode 14.0";
			developmentRegion = en;
			hasScannedForEncodings = 0;
			knownRegions = (
				en,
				Base,
			);
			mainGroup = C3858543130A420386F09DF1;
			productRefGroup = F1B82E9A91C54A2FAECCB8CC /* Products */;
			projectDirPath = "";
			projectRoot = "";
			targets = (
				53AD83400FEA486B92B22F1A /* PhantomMirror */,
			);
		};
/* End PBXProject section */

/* Begin PBXResourcesBuildPhase section */
		E4D19C98937F4E3EBF58DD06 /* Resources */ = {
			isa = PBXResourcesBuildPhase;
			buildActionMask = 2147483647;
			files = (
				F2A2B3C4D5E6478890ABCDEF /* HandArm_Right.usdz in Resources */,
				D1B2C3D4E5F6478890ABCDEF /* RightHand_ARKit27.usdz in Resources */,
				FF3E1B483026FE1A008878FE /* hand.usdc in Resources */,
			);
			runOnlyForDeploymentPostprocessing = 0;
		};
/* End PBXResourcesBuildPhase section */

/* Begin PBXSourcesBuildPhase section */
		DE1EA54C1E5B44CBA1A03E82 /* Sources */ = {
			isa = PBXSourcesBuildPhase;
			buildActionMask = 2147483647;
			files = (
				B1B2C3D4E5F6478890ABCDEF /* ARKitHandModel.swift in Sources */,
				5056483FE8EE49B9A13C3951 /* HandSceneController.swift in Sources */,
				E9AECD959E72412BBE850BB8 /* PhantomMirrorApp.swift in Sources */,
				B80F806F55E941C4A8452822 /* AppState.swift in Sources */,
				F5430A9EEF784AC5AC5148F5 /* CalibrationData.swift in Sources */,
				58792150E0284E5A8777AC31 /* SessionReport.swift in Sources */,
				52C616D2A2A1480B83F16283 /* MirrorTransform.swift in Sources */,
				CAD6833123D14A168F926422 /* HandTrackingManager.swift in Sources */,
				8E563726383A4C14BC72B4A3 /* VirtualHandVisualizer.swift in Sources */,
				D5E6F7081920A94BCDEF01234 /* JointMarkerOverlay.swift in Sources */,
				24842030DCFA480AB61592FC /* TaskManager.swift in Sources */,
				1149217B71A94D09A926B3AE /* ImmersiveView.swift in Sources */,
				7B8A627A65624B8CAD28BFA5 /* OnboardingView.swift in Sources */,
				A32D5A427FAC42CD97F142E3 /* CalibrationPanel.swift in Sources */,
				C4D5E6F708194A2BB3C4D5E6 /* JointDebugPanel.swift in Sources */,
				5633D2AC90AE465AA4E0A101 /* TrainingHUD.swift in Sources */,
				991AEC39DD0347489D71750A /* ReportView.swift in Sources */,
			);
			runOnlyForDeploymentPostprocessing = 0;
		};
/* End PBXSourcesBuildPhase section */

/* Begin XCBuildConfiguration section */
		2766FD2CE35F498ABA2B8329 /* Debug */ = {
			isa = XCBuildConfiguration;
			buildSettings = {
				CODE_SIGN_ENTITLEMENTS = PhantomMirror/PhantomMirror.entitlements;
				CODE_SIGN_IDENTITY = "Apple Development";
				CODE_SIGN_STYLE = Automatic;
				CURRENT_PROJECT_VERSION = 1;
				DEVELOPMENT_TEAM = VAL45968QF;
				ENABLE_PREVIEWS = YES;
				GENERATE_INFOPLIST_FILE = NO;
				INFOPLIST_FILE = PhantomMirror/Info.plist;
				LD_RUNPATH_SEARCH_PATHS = (
					"$(inherited)",
					"@executable_path/Frameworks",
				);
				MARKETING_VERSION = 1.0;
				PRODUCT_BUNDLE_IDENTIFIER = com.fengzihan.spatialhackai.phantommirror;
				PRODUCT_NAME = "$(TARGET_NAME)";
				PROVISIONING_PROFILE_SPECIFIER = "";
				SUPPORTED_PLATFORMS = "xros xrsimulator";
				SWIFT_EMIT_LOC_STRINGS = YES;
				SWIFT_VERSION = 5.0;
				TARGETED_DEVICE_FAMILY = 7;
			};
			name = Debug;
		};
		2FCCBAEC1DF34288BE1ED080 /* Debug */ = {
			isa = XCBuildConfiguration;
			buildSettings = {
				ALWAYS_SEARCH_USER_PATHS = NO;
				CLANG_ENABLE_MODULES = YES;
				CLANG_ENABLE_OBJC_ARC = YES;
				CLANG_WARN_BLOCK_CAPTURE_AUTORELEASING = YES;
				CLANG_WARN_BOOL_CONVERSION = YES;
				CLANG_WARN_COMMA = YES;
				CLANG_WARN_CONSTANT_CONVERSION = YES;
				CLANG_WARN_DEPRECATED_OBJC_IMPLEMENTATIONS = YES;
				CLANG_WARN_EMPTY_BODY = YES;
				CLANG_WARN_ENUM_CONVERSION = YES;
				CLANG_WARN_INFINITE_RECURSION = YES;
				CLANG_WARN_INT_CONVERSION = YES;
				CLANG_WARN_NON_LITERAL_NULL_CONVERSION = YES;
				CLANG_WARN_OBJC_IMPLICIT_RETAIN_SELF = YES;
				CLANG_WARN_OBJC_LITERAL_CONVERSION = YES;
				CLANG_WARN_QUOTED_INCLUDE_IN_FRAMEWORK_HEADER = YES;
				CLANG_WARN_RANGE_LOOP_ANALYSIS = YES;
				CLANG_WARN_STRICT_PROTOTYPES = YES;
				CLANG_WARN_SUSPICIOUS_MOVE = YES;
				CLANG_WARN_UNREACHABLE_CODE = YES;
				CLANG_WARN__DUPLICATE_METHOD_MATCH = YES;
				COPY_PHASE_STRIP = NO;
				DEBUG_INFORMATION_FORMAT = dwarf;
				DEVELOPMENT_TEAM = PT88AW8LKZ;
				ENABLE_STRICT_OBJC_MSGSEND = YES;
				ENABLE_TESTABILITY = YES;
				ENABLE_USER_SCRIPT_SANDBOXING = YES;
				GCC_DYNAMIC_NO_PIC = NO;
				GCC_NO_COMMON_BLOCKS = YES;
				GCC_OPTIMIZATION_LEVEL = 0;
				GCC_WARN_64_TO_32_BIT_CONVERSION = YES;
				GCC_WARN_ABOUT_RETURN_TYPE = YES;
				GCC_WARN_UNDECLARED_SELECTOR = YES;
				GCC_WARN_UNINITIALIZED_AUTOS = YES;
				GCC_WARN_UNUSED_FUNCTION = YES;
				GCC_WARN_UNUSED_VARIABLE = YES;
				MTL_ENABLE_DEBUG_INFO = INCLUDE_SOURCE;
				ONLY_ACTIVE_ARCH = YES;
				SDKROOT = xros;
				STRING_CATALOG_GENERATE_SYMBOLS = YES;
				SWIFT_ACTIVE_COMPILATION_CONDITIONS = "DEBUG $(inherited)";
				SWIFT_OPTIMIZATION_LEVEL = "-Onone";
				XROS_DEPLOYMENT_TARGET = 2.0;
			};
			name = Debug;
		};
		A48C811C5124484FA52F43E0 /* Release */ = {
			isa = XCBuildConfiguration;
			buildSettings = {
				ALWAYS_SEARCH_USER_PATHS = NO;
				CLANG_ENABLE_MODULES = YES;
				CLANG_ENABLE_OBJC_ARC = YES;
				CLANG_WARN_BLOCK_CAPTURE_AUTORELEASING = YES;
				CLANG_WARN_BOOL_CONVERSION = YES;
				CLANG_WARN_COMMA = YES;
				CLANG_WARN_CONSTANT_CONVERSION = YES;
				CLANG_WARN_DEPRECATED_OBJC_IMPLEMENTATIONS = YES;
				CLANG_WARN_EMPTY_BODY = YES;
				CLANG_WARN_ENUM_CONVERSION = YES;
				CLANG_WARN_INFINITE_RECURSION = YES;
				CLANG_WARN_INT_CONVERSION = YES;
				CLANG_WARN_NON_LITERAL_NULL_CONVERSION = YES;
				CLANG_WARN_OBJC_IMPLICIT_RETAIN_SELF = YES;
				CLANG_WARN_OBJC_LITERAL_CONVERSION = YES;
				CLANG_WARN_QUOTED_INCLUDE_IN_FRAMEWORK_HEADER = YES;
				CLANG_WARN_RANGE_LOOP_ANALYSIS = YES;
				CLANG_WARN_STRICT_PROTOTYPES = YES;
				CLANG_WARN_SUSPICIOUS_MOVE = YES;
				CLANG_WARN_UNREACHABLE_CODE = YES;
				CLANG_WARN__DUPLICATE_METHOD_MATCH = YES;
				COPY_PHASE_STRIP = NO;
				DEBUG_INFORMATION_FORMAT = "dwarf-with-dsym";
				DEVELOPMENT_TEAM = PT88AW8LKZ;
				ENABLE_STRICT_OBJC_MSGSEND = YES;
				ENABLE_USER_SCRIPT_SANDBOXING = YES;
				GCC_NO_COMMON_BLOCKS = YES;
				GCC_WARN_64_TO_32_BIT_CONVERSION = YES;
				GCC_WARN_ABOUT_RETURN_TYPE = YES;
				GCC_WARN_UNDECLARED_SELECTOR = YES;
				GCC_WARN_UNINITIALIZED_AUTOS = YES;
				GCC_WARN_UNUSED_FUNCTION = YES;
				GCC_WARN_UNUSED_VARIABLE = YES;
				MTL_ENABLE_DEBUG_INFO = NO;
				SDKROOT = xros;
				STRING_CATALOG_GENERATE_SYMBOLS = YES;
				SWIFT_COMPILATION_MODE = wholemodule;
				XROS_DEPLOYMENT_TARGET = 2.0;
			};
			name = Release;
		};
		AE1D89149B25447EBF0EA454 /* Release */ = {
			isa = XCBuildConfiguration;
			buildSettings = {
				CODE_SIGN_ENTITLEMENTS = PhantomMirror/PhantomMirror.entitlements;
				CODE_SIGN_IDENTITY = "Apple Development";
				CODE_SIGN_STYLE = Automatic;
				CURRENT_PROJECT_VERSION = 1;
				DEVELOPMENT_TEAM = VAL45968QF;
				ENABLE_PREVIEWS = YES;
				GENERATE_INFOPLIST_FILE = NO;
				INFOPLIST_FILE = PhantomMirror/Info.plist;
				LD_RUNPATH_SEARCH_PATHS = (
					"$(inherited)",
					"@executable_path/Frameworks",
				);
				MARKETING_VERSION = 1.0;
				PRODUCT_BUNDLE_IDENTIFIER = com.fengzihan.spatialhackai.phantommirror;
				PRODUCT_NAME = "$(TARGET_NAME)";
				PROVISIONING_PROFILE_SPECIFIER = "";
				SUPPORTED_PLATFORMS = "xros xrsimulator";
				SWIFT_EMIT_LOC_STRINGS = YES;
				SWIFT_VERSION = 5.0;
				TARGETED_DEVICE_FAMILY = 7;
			};
			name = Release;
		};
/* End XCBuildConfiguration section */

/* Begin XCConfigurationList section */
		98575E59732C4ABAB611CF73 /* Build configuration list for PBXProject "PhantomMirror" */ = {
			isa = XCConfigurationList;
			buildConfigurations = (
				2FCCBAEC1DF34288BE1ED080 /* Debug */,
				A48C811C5124484FA52F43E0 /* Release */,
			);
			defaultConfigurationIsVisible = 0;
			defaultConfigurationName = Release;
		};
		A6DEF213C146419FAF70AB15 /* Build configuration list for PBXNativeTarget "PhantomMirror" */ = {
			isa = XCConfigurationList;
			buildConfigurations = (
				2766FD2CE35F498ABA2B8329 /* Debug */,
				AE1D89149B25447EBF0EA454 /* Release */,
			);
			defaultConfigurationIsVisible = 0;
			defaultConfigurationName = Release;
		};
/* End XCConfigurationList section */
	};
	rootObject = 9FC20360222F49DA84687DBE /* Project object */;
}
